// !$*UTF8*$!
{
	archiveVersion = 1;
	classes = {
	};
	objectVersion = 56;
	objects = {

/* Begin PBXBuildFile section */
		0B24B7542AB7D53500935F28 /* SulphurPoint-Light.ttf in Resources */ = {isa = PBXBuildFile; fileRef = 0B24B7532AB7D53500935F28 /* SulphurPoint-Light.ttf */; };
		0B2BB3E32AB58C410084EBB5 /* PasswordKeyboardView.swift in Sources */ = {isa = PBXBuildFile; fileRef = 0B2BB3E22AB58C410084EBB5 /* PasswordKeyboardView.swift */; };
		0B6E5EDE2AA1D2E100701BD2 /* Radial.swift in Sources */ = {isa = PBXBuildFile; fileRef = 0B6E5EDD2AA1D2E100701BD2 /* Radial.swift */; };
		0B770E862AB08450000710B5 /* SettingView.swift in Sources */ = {isa = PBXBuildFile; fileRef = 0B770E852AB08450000710B5 /* SettingView.swift */; };
		0B83CC3E2AA1A38700884F30 /* ScrollMessageView.swift in Sources */ = {isa = PBXBuildFile; fileRef = 0B83CC3D2AA1A38700884F30 /* ScrollMessageView.swift */; };
		0B86394A2A950E3D005ED10D /* SweetLogApp.swift in Sources */ = {isa = PBXBuildFile; fileRef = 0B8639492A950E3D005ED10D /* SweetLogApp.swift */; };
		0B86394E2A950E3F005ED10D /* Assets.xcassets in Resources */ = {isa = PBXBuildFile; fileRef = 0B86394D2A950E3F005ED10D /* Assets.xcassets */; };
		0B8639512A950E3F005ED10D /* Preview Assets.xcassets in Resources */ = {isa = PBXBuildFile; fileRef = 0B8639502A950E3F005ED10D /* Preview Assets.xcassets */; };
		0B86395D2A950E65005ED10D /* UserDefault.swift in Sources */ = {isa = PBXBuildFile; fileRef = 0B86395A2A950E65005ED10D /* UserDefault.swift */; };
		0B86395E2A950E65005ED10D /* Message.swift in Sources */ = {isa = PBXBuildFile; fileRef = 0B86395B2A950E65005ED10D /* Message.swift */; };
		0B86395F2A950E65005ED10D /* SwiftDataModel.swift in Sources */ = {isa = PBXBuildFile; fileRef = 0B86395C2A950E65005ED10D /* SwiftDataModel.swift */; };
		0B8639632A950E75005ED10D /* SearchView.swift in Sources */ = {isa = PBXBuildFile; fileRef = 0B8639612A950E75005ED10D /* SearchView.swift */; };
		0B8639642A950E75005ED10D /* FaceIDAuthView.swift in Sources */ = {isa = PBXBuildFile; fileRef = 0B8639622A950E75005ED10D /* FaceIDAuthView.swift */; };
		0B8639682A950E83005ED10D /* AttributedText.swift in Sources */ = {isa = PBXBuildFile; fileRef = 0B8639662A950E83005ED10D /* AttributedText.swift */; };
		0B8639692A950E83005ED10D /* Logo.swift in Sources */ = {isa = PBXBuildFile; fileRef = 0B8639672A950E83005ED10D /* Logo.swift */; };
		0B86396F2A950E8C005ED10D /* FontExtension.swift in Sources */ = {isa = PBXBuildFile; fileRef = 0B86396B2A950E8C005ED10D /* FontExtension.swift */; };
		0B8639702A950E8C005ED10D /* FaceIDAuthExtension.swift in Sources */ = {isa = PBXBuildFile; fileRef = 0B86396C2A950E8C005ED10D /* FaceIDAuthExtension.swift */; };
		0B8639712A950E8C005ED10D /* ImageExtension.swift in Sources */ = {isa = PBXBuildFile; fileRef = 0B86396D2A950E8C005ED10D /* ImageExtension.swift */; };
		0B8639752A950E90005ED10D /* SulphurPoint-Regular.ttf in Resources */ = {isa = PBXBuildFile; fileRef = 0B8639742A950E90005ED10D /* SulphurPoint-Regular.ttf */; };
		0B8639792A95D53F005ED10D /* MainView.swift in Sources */ = {isa = PBXBuildFile; fileRef = 0B8639782A95D53F005ED10D /* MainView.swift */; };
		0B9BCFE52ABF1FD1002F5CC0 /* ScrollViewToOffset.swift in Sources */ = {isa = PBXBuildFile; fileRef = 0B9BCFE42ABF1FD1002F5CC0 /* ScrollViewToOffset.swift */; };
		0B9BCFE72ABF254E002F5CC0 /* BiometricType.swift in Sources */ = {isa = PBXBuildFile; fileRef = 0B9BCFE62ABF254E002F5CC0 /* BiometricType.swift */; };
		0BA0C8FC2A970A52009A3729 /* AddEditView.swift in Sources */ = {isa = PBXBuildFile; fileRef = 0BA0C8FB2A970A52009A3729 /* AddEditView.swift */; };
		0BA50B3F2AA34D2700BE8770 /* SizeExtension.swift in Sources */ = {isa = PBXBuildFile; fileRef = 0BA50B3E2AA34D2700BE8770 /* SizeExtension.swift */; };
		0BA50B412AA3502200BE8770 /* DetailView.swift in Sources */ = {isa = PBXBuildFile; fileRef = 0BA50B402AA3502200BE8770 /* DetailView.swift */; };
		0BA50B432AA3525B00BE8770 /* DateformatterExtension.swift in Sources */ = {isa = PBXBuildFile; fileRef = 0BA50B422AA3525B00BE8770 /* DateformatterExtension.swift */; };
		0BEADE7E2AB31D1C0065381A /* PasswordSettingView.swift in Sources */ = {isa = PBXBuildFile; fileRef = 0BEADE7D2AB31D1C0065381A /* PasswordSettingView.swift */; };
		0BEADE862AB325580065381A /* ShareViewController.swift in Sources */ = {isa = PBXBuildFile; fileRef = 0BEADE852AB325580065381A /* ShareViewController.swift */; };
		0BEADE892AB325580065381A /* MainInterface.storyboard in Resources */ = {isa = PBXBuildFile; fileRef = 0BEADE872AB325580065381A /* MainInterface.storyboard */; };
		0BEADE8D2AB325580065381A /* SweetLogShare.appex in Embed Foundation Extensions */ = {isa = PBXBuildFile; fileRef = 0BEADE832AB325580065381A /* SweetLogShare.appex */; settings = {ATTRIBUTES = (RemoveHeadersOnCopy, ); }; };
		0BEADE972AB32E040065381A /* Model.swift in Sources */ = {isa = PBXBuildFile; fileRef = 0BEADE962AB32E040065381A /* Model.swift */; };
/* End PBXBuildFile section */

/* Begin PBXContainerItemProxy section */
		0BEADE8B2AB325580065381A /* PBXContainerItemProxy */ = {
			isa = PBXContainerItemProxy;
			containerPortal = 0B86393E2A950E3D005ED10D /* Project object */;
			proxyType = 1;
			remoteGlobalIDString = 0BEADE822AB325580065381A;
			remoteInfo = SweetLogShare;
		};
/* End PBXContainerItemProxy section */

/* Begin PBXCopyFilesBuildPhase section */
		0BEADE912AB325580065381A /* Embed Foundation Extensions */ = {
			isa = PBXCopyFilesBuildPhase;
			buildActionMask = 2147483647;
			dstPath = "";
			dstSubfolderSpec = 13;
			files = (
				0BEADE8D2AB325580065381A /* SweetLogShare.appex in Embed Foundation Extensions */,
			);
			name = "Embed Foundation Extensions";
			runOnlyForDeploymentPostprocessing = 0;
		};
/* End PBXCopyFilesBuildPhase section */

/* Begin PBXFileReference section */
		0B24B7532AB7D53500935F28 /* SulphurPoint-Light.ttf */ = {isa = PBXFileReference; lastKnownFileType = file; path = "SulphurPoint-Light.ttf"; sourceTree = "<group>"; };
		0B2BB3E22AB58C410084EBB5 /* PasswordKeyboardView.swift */ = {isa = PBXFileReference; lastKnownFileType = sourcecode.swift; path = PasswordKeyboardView.swift; sourceTree = "<group>"; };
		0B6E5EDD2AA1D2E100701BD2 /* Radial.swift */ = {isa = PBXFileReference; lastKnownFileType = sourcecode.swift; path = Radial.swift; sourceTree = "<group>"; };
		0B770E852AB08450000710B5 /* SettingView.swift */ = {isa = PBXFileReference; lastKnownFileType = sourcecode.swift; path = SettingView.swift; sourceTree = "<group>"; };
		0B83CC3D2AA1A38700884F30 /* ScrollMessageView.swift */ = {isa = PBXFileReference; lastKnownFileType = sourcecode.swift; path = ScrollMessageView.swift; sourceTree = "<group>"; };
		0B8639462A950E3D005ED10D /* SweetLog.app */ = {isa = PBXFileReference; explicitFileType = wrapper.application; includeInIndex = 0; path = SweetLog.app; sourceTree = BUILT_PRODUCTS_DIR; };
		0B8639492A950E3D005ED10D /* SweetLogApp.swift */ = {isa = PBXFileReference; lastKnownFileType = sourcecode.swift; path = SweetLogApp.swift; sourceTree = "<group>"; };
		0B86394D2A950E3F005ED10D /* Assets.xcassets */ = {isa = PBXFileReference; lastKnownFileType = folder.assetcatalog; path = Assets.xcassets; sourceTree = "<group>"; };
		0B8639502A950E3F005ED10D /* Preview Assets.xcassets */ = {isa = PBXFileReference; lastKnownFileType = folder.assetcatalog; path = "Preview Assets.xcassets"; sourceTree = "<group>"; };
		0B86395A2A950E65005ED10D /* UserDefault.swift */ = {isa = PBXFileReference; fileEncoding = 4; lastKnownFileType = sourcecode.swift; path = UserDefault.swift; sourceTree = "<group>"; };
		0B86395B2A950E65005ED10D /* Message.swift */ = {isa = PBXFileReference; fileEncoding = 4; lastKnownFileType = sourcecode.swift; path = Message.swift; sourceTree = "<group>"; };
		0B86395C2A950E65005ED10D /* SwiftDataModel.swift */ = {isa = PBXFileReference; fileEncoding = 4; lastKnownFileType = sourcecode.swift; path = SwiftDataModel.swift; sourceTree = "<group>"; };
		0B8639612A950E75005ED10D /* SearchView.swift */ = {isa = PBXFileReference; fileEncoding = 4; lastKnownFileType = sourcecode.swift; path = SearchView.swift; sourceTree = "<group>"; };
		0B8639622A950E75005ED10D /* FaceIDAuthView.swift */ = {isa = PBXFileReference; fileEncoding = 4; lastKnownFileType = sourcecode.swift; path = FaceIDAuthView.swift; sourceTree = "<group>"; };
		0B8639662A950E83005ED10D /* AttributedText.swift */ = {isa = PBXFileReference; fileEncoding = 4; lastKnownFileType = sourcecode.swift; path = AttributedText.swift; sourceTree = "<group>"; };
		0B8639672A950E83005ED10D /* Logo.swift */ = {isa = PBXFileReference; fileEncoding = 4; lastKnownFileType = sourcecode.swift; path = Logo.swift; sourceTree = "<group>"; };
		0B86396B2A950E8C005ED10D /* FontExtension.swift */ = {isa = PBXFileReference; fileEncoding = 4; lastKnownFileType = sourcecode.swift; path = FontExtension.swift; sourceTree = "<group>"; };
		0B86396C2A950E8C005ED10D /* FaceIDAuthExtension.swift */ = {isa = PBXFileReference; fileEncoding = 4; lastKnownFileType = sourcecode.swift; path = FaceIDAuthExtension.swift; sourceTree = "<group>"; };
		0B86396D2A950E8C005ED10D /* ImageExtension.swift */ = {isa = PBXFileReference; fileEncoding = 4; lastKnownFileType = sourcecode.swift; path = ImageExtension.swift; sourceTree = "<group>"; };
		0B8639742A950E90005ED10D /* SulphurPoint-Regular.ttf */ = {isa = PBXFileReference; lastKnownFileType = file; path = "SulphurPoint-Regular.ttf"; sourceTree = "<group>"; };
		0B8639762A950E9F005ED10D /* Info.plist */ = {isa = PBXFileReference; lastKnownFileType = text.plist; path = Info.plist; sourceTree = "<group>"; };
		0B8639782A95D53F005ED10D /* MainView.swift */ = {isa = PBXFileReference; lastKnownFileType = sourcecode.swift; path = MainView.swift; sourceTree = "<group>"; };
		0B9BCFE42ABF1FD1002F5CC0 /* ScrollViewToOffset.swift */ = {isa = PBXFileReference; lastKnownFileType = sourcecode.swift; path = ScrollViewToOffset.swift; sourceTree = "<group>"; };
		0B9BCFE62ABF254E002F5CC0 /* BiometricType.swift */ = {isa = PBXFileReference; lastKnownFileType = sourcecode.swift; path = BiometricType.swift; sourceTree = "<group>"; };
		0BA0C8FB2A970A52009A3729 /* AddEditView.swift */ = {isa = PBXFileReference; lastKnownFileType = sourcecode.swift; path = AddEditView.swift; sourceTree = "<group>"; };
		0BA50B3E2AA34D2700BE8770 /* SizeExtension.swift */ = {isa = PBXFileReference; lastKnownFileType = sourcecode.swift; path = SizeExtension.swift; sourceTree = "<group>"; };
		0BA50B402AA3502200BE8770 /* DetailView.swift */ = {isa = PBXFileReference; lastKnownFileType = sourcecode.swift; path = DetailView.swift; sourceTree = "<group>"; };
		0BA50B422AA3525B00BE8770 /* DateformatterExtension.swift */ = {isa = PBXFileReference; lastKnownFileType = sourcecode.swift; path = DateformatterExtension.swift; sourceTree = "<group>"; };
		0BEADE7D2AB31D1C0065381A /* PasswordSettingView.swift */ = {isa = PBXFileReference; lastKnownFileType = sourcecode.swift; path = PasswordSettingView.swift; sourceTree = "<group>"; };
		0BEADE832AB325580065381A /* SweetLogShare.appex */ = {isa = PBXFileReference; explicitFileType = "wrapper.app-extension"; includeInIndex = 0; path = SweetLogShare.appex; sourceTree = BUILT_PRODUCTS_DIR; };
		0BEADE852AB325580065381A /* ShareViewController.swift */ = {isa = PBXFileReference; lastKnownFileType = sourcecode.swift; path = ShareViewController.swift; sourceTree = "<group>"; };
		0BEADE882AB325580065381A /* Base */ = {isa = PBXFileReference; lastKnownFileType = file.storyboard; name = Base; path = Base.lproj/MainInterface.storyboard; sourceTree = "<group>"; };
		0BEADE8A2AB325580065381A /* Info.plist */ = {isa = PBXFileReference; lastKnownFileType = text.plist.xml; path = Info.plist; sourceTree = "<group>"; };
		0BEADE922AB326910065381A /* SweetLogShare.entitlements */ = {isa = PBXFileReference; lastKnownFileType = text.plist.entitlements; path = SweetLogShare.entitlements; sourceTree = "<group>"; };
		0BEADE932AB3269B0065381A /* SweetLog.entitlements */ = {isa = PBXFileReference; lastKnownFileType = text.plist.entitlements; path = SweetLog.entitlements; sourceTree = "<group>"; };
		0BEADE962AB32E040065381A /* Model.swift */ = {isa = PBXFileReference; lastKnownFileType = sourcecode.swift; path = Model.swift; sourceTree = "<group>"; };
/* End PBXFileReference section */

/* Begin PBXFrameworksBuildPhase section */
		0B8639432A950E3D005ED10D /* Frameworks */ = {
			isa = PBXFrameworksBuildPhase;
			buildActionMask = 2147483647;
			files = (
			);
			runOnlyForDeploymentPostprocessing = 0;
		};
		0BEADE802AB325580065381A /* Frameworks */ = {
			isa = PBXFrameworksBuildPhase;
			buildActionMask = 2147483647;
			files = (
			);
			runOnlyForDeploymentPostprocessing = 0;
		};
/* End PBXFrameworksBuildPhase section */

/* Begin PBXGroup section */
		0B4360612AC188E000A0AD15 /* New Group */ = {
			isa = PBXGroup;
			children = (
			);
			path = "New Group";
			sourceTree = "<group>";
		};
		0B86393D2A950E3D005ED10D = {
			isa = PBXGroup;
			children = (
				0B8639482A950E3D005ED10D /* SweetLog */,
				0BEADE842AB325580065381A /* SweetLogShare */,
				0B8639472A950E3D005ED10D /* Products */,
			);
			sourceTree = "<group>";
		};
		0B8639472A950E3D005ED10D /* Products */ = {
			isa = PBXGroup;
			children = (
				0B8639462A950E3D005ED10D /* SweetLog.app */,
				0BEADE832AB325580065381A /* SweetLogShare.appex */,
			);
			name = Products;
			sourceTree = "<group>";
		};
		0B8639482A950E3D005ED10D /* SweetLog */ = {
			isa = PBXGroup;
			children = (
				0BEADE932AB3269B0065381A /* SweetLog.entitlements */,
				0B8639762A950E9F005ED10D /* Info.plist */,
				0B86396A2A950E8C005ED10D /* Extension */,
				0B8639732A950E90005ED10D /* Font */,
				0B8639592A950E65005ED10D /* Model */,
				0B8639652A950E83005ED10D /* ViewComponent */,
				0B8639602A950E75005ED10D /* View */,
				0B8639492A950E3D005ED10D /* SweetLogApp.swift */,
				0B86394D2A950E3F005ED10D /* Assets.xcassets */,
				0B4360612AC188E000A0AD15 /* New Group */,
				0B86394F2A950E3F005ED10D /* Preview Content */,
			);
			path = SweetLog;
			sourceTree = "<group>";
		};
		0B86394F2A950E3F005ED10D /* Preview Content */ = {
			isa = PBXGroup;
			children = (
				0B8639502A950E3F005ED10D /* Preview Assets.xcassets */,
			);
			path = "Preview Content";
			sourceTree = "<group>";
		};
		0B8639592A950E65005ED10D /* Model */ = {
			isa = PBXGroup;
			children = (
				0B86395A2A950E65005ED10D /* UserDefault.swift */,
				0B86395B2A950E65005ED10D /* Message.swift */,
				0B86395C2A950E65005ED10D /* SwiftDataModel.swift */,
			);
			path = Model;
			sourceTree = "<group>";
		};
		0B8639602A950E75005ED10D /* View */ = {
			isa = PBXGroup;
			children = (
				0B8639612A950E75005ED10D /* SearchView.swift */,
				0B8639782A95D53F005ED10D /* MainView.swift */,
				0BA0C8FB2A970A52009A3729 /* AddEditView.swift */,
				0B83CC3D2AA1A38700884F30 /* ScrollMessageView.swift */,
				0BA50B402AA3502200BE8770 /* DetailView.swift */,
				0B770E852AB08450000710B5 /* SettingView.swift */,
				0BEADE7D2AB31D1C0065381A /* PasswordSettingView.swift */,
				0B8639622A950E75005ED10D /* FaceIDAuthView.swift */,
				0B2BB3E22AB58C410084EBB5 /* PasswordKeyboardView.swift */,
			);
			path = View;
			sourceTree = "<group>";
		};
		0B8639652A950E83005ED10D /* ViewComponent */ = {
			isa = PBXGroup;
			children = (
				0B8639662A950E83005ED10D /* AttributedText.swift */,
				0B8639672A950E83005ED10D /* Logo.swift */,
				0B6E5EDD2AA1D2E100701BD2 /* Radial.swift */,
				0B9BCFE42ABF1FD1002F5CC0 /* ScrollViewToOffset.swift */,
			);
			path = ViewComponent;
			sourceTree = "<group>";
		};
		0B86396A2A950E8C005ED10D /* Extension */ = {
			isa = PBXGroup;
			children = (
				0B86396B2A950E8C005ED10D /* FontExtension.swift */,
				0B86396C2A950E8C005ED10D /* FaceIDAuthExtension.swift */,
				0B86396D2A950E8C005ED10D /* ImageExtension.swift */,
				0BA50B3E2AA34D2700BE8770 /* SizeExtension.swift */,
				0BA50B422AA3525B00BE8770 /* DateformatterExtension.swift */,
				0B9BCFE62ABF254E002F5CC0 /* BiometricType.swift */,
			);
			path = Extension;
			sourceTree = "<group>";
		};
		0B8639732A950E90005ED10D /* Font */ = {
			isa = PBXGroup;
			children = (
				0B8639742A950E90005ED10D /* SulphurPoint-Regular.ttf */,
				0B24B7532AB7D53500935F28 /* SulphurPoint-Light.ttf */,
			);
			path = Font;
			sourceTree = "<group>";
		};
		0BEADE842AB325580065381A /* SweetLogShare */ = {
			isa = PBXGroup;
			children = (
				0BEADE922AB326910065381A /* SweetLogShare.entitlements */,
				0BEADE852AB325580065381A /* ShareViewController.swift */,
				0BEADE872AB325580065381A /* MainInterface.storyboard */,
				0BEADE8A2AB325580065381A /* Info.plist */,
				0BEADE962AB32E040065381A /* Model.swift */,
			);
			path = SweetLogShare;
			sourceTree = "<group>";
		};
/* End PBXGroup section */

/* Begin PBXNativeTarget section */
		0B8639452A950E3D005ED10D /* SweetLog */ = {
			isa = PBXNativeTarget;
			buildConfigurationList = 0B8639542A950E3F005ED10D /* Build configuration list for PBXNativeTarget "SweetLog" */;
			buildPhases = (
				0B8639422A950E3D005ED10D /* Sources */,
				0B8639432A950E3D005ED10D /* Frameworks */,
				0B8639442A950E3D005ED10D /* Resources */,
				0BEADE912AB325580065381A /* Embed Foundation Extensions */,
			);
			buildRules = (
			);
			dependencies = (
				0BEADE8C2AB325580065381A /* PBXTargetDependency */,
			);
			name = SweetLog;
			productName = SweetLog;
			productReference = 0B8639462A950E3D005ED10D /* SweetLog.app */;
			productType = "com.apple.product-type.application";
		};
		0BEADE822AB325580065381A /* SweetLogShare */ = {
			isa = PBXNativeTarget;
			buildConfigurationList = 0BEADE8E2AB325580065381A /* Build configuration list for PBXNativeTarget "SweetLogShare" */;
			buildPhases = (
				0BEADE7F2AB325580065381A /* Sources */,
				0BEADE802AB325580065381A /* Frameworks */,
				0BEADE812AB325580065381A /* Resources */,
			);
			buildRules = (
			);
			dependencies = (
			);
			name = SweetLogShare;
			productName = SweetLogShare;
			productReference = 0BEADE832AB325580065381A /* SweetLogShare.appex */;
			productType = "com.apple.product-type.app-extension";
		};
/* End PBXNativeTarget section */

/* Begin PBXProject section */
		0B86393E2A950E3D005ED10D /* Project object */ = {
			isa = PBXProject;
			attributes = {
				BuildIndependentTargetsInParallel = 1;
				LastSwiftUpdateCheck = 1500;
				LastUpgradeCheck = 1500;
				TargetAttributes = {
					0B8639452A950E3D005ED10D = {
						CreatedOnToolsVersion = 15.0;
					};
					0BEADE822AB325580065381A = {
						CreatedOnToolsVersion = 15.0;
					};
				};
			};
			buildConfigurationList = 0B8639412A950E3D005ED10D /* Build configuration list for PBXProject "SweetLog" */;
			compatibilityVersion = "Xcode 14.0";
			developmentRegion = en;
			hasScannedForEncodings = 0;
			knownRegions = (
				en,
				Base,
			);
			mainGroup = 0B86393D2A950E3D005ED10D;
			productRefGroup = 0B8639472A950E3D005ED10D /* Products */;
			projectDirPath = "";
			projectRoot = "";
			targets = (
				0B8639452A950E3D005ED10D /* SweetLog */,
				0BEADE822AB325580065381A /* SweetLogShare */,
			);
		};
/* End PBXProject section */

/* Begin PBXResourcesBuildPhase section */
		0B8639442A950E3D005ED10D /* Resources */ = {
			isa = PBXResourcesBuildPhase;
			buildActionMask = 2147483647;
			files = (
				0B24B7542AB7D53500935F28 /* SulphurPoint-Light.ttf in Resources */,
				0B8639512A950E3F005ED10D /* Preview Assets.xcassets in Resources */,
				0B8639752A950E90005ED10D /* SulphurPoint-Regular.ttf in Resources */,
				0B86394E2A950E3F005ED10D /* Assets.xcassets in Resources */,
			);
			runOnlyForDeploymentPostprocessing = 0;
		};
		0BEADE812AB325580065381A /* Resources */ = {
			isa = PBXResourcesBuildPhase;
			buildActionMask = 2147483647;
			files = (
				0BEADE892AB325580065381A /* MainInterface.storyboard in Resources */,
			);
			runOnlyForDeploymentPostprocessing = 0;
		};
/* End PBXResourcesBuildPhase section */

/* Begin PBXSourcesBuildPhase section */
		0B8639422A950E3D005ED10D /* Sources */ = {
			isa = PBXSourcesBuildPhase;
			buildActionMask = 2147483647;
			files = (
				0B86396F2A950E8C005ED10D /* FontExtension.swift in Sources */,
				0BEADE7E2AB31D1C0065381A /* PasswordSettingView.swift in Sources */,
				0B770E862AB08450000710B5 /* SettingView.swift in Sources */,
				0B9BCFE52ABF1FD1002F5CC0 /* ScrollViewToOffset.swift in Sources */,
				0BA50B412AA3502200BE8770 /* DetailView.swift in Sources */,
				0B8639792A95D53F005ED10D /* MainView.swift in Sources */,
				0B8639632A950E75005ED10D /* SearchView.swift in Sources */,
				0B8639642A950E75005ED10D /* FaceIDAuthView.swift in Sources */,
				0B86395F2A950E65005ED10D /* SwiftDataModel.swift in Sources */,
				0B8639692A950E83005ED10D /* Logo.swift in Sources */,
				0BA0C8FC2A970A52009A3729 /* AddEditView.swift in Sources */,
				0B8639682A950E83005ED10D /* AttributedText.swift in Sources */,
				0B8639712A950E8C005ED10D /* ImageExtension.swift in Sources */,
				0B6E5EDE2AA1D2E100701BD2 /* Radial.swift in Sources */,
				0B9BCFE72ABF254E002F5CC0 /* BiometricType.swift in Sources */,
				0B86395E2A950E65005ED10D /* Message.swift in Sources */,
				0B83CC3E2AA1A38700884F30 /* ScrollMessageView.swift in Sources */,
				0BA50B432AA3525B00BE8770 /* DateformatterExtension.swift in Sources */,
				0B8639702A950E8C005ED10D /* FaceIDAuthExtension.swift in Sources */,
				0B86394A2A950E3D005ED10D /* SweetLogApp.swift in Sources */,
				0B2BB3E32AB58C410084EBB5 /* PasswordKeyboardView.swift in Sources */,
				0BA50B3F2AA34D2700BE8770 /* SizeExtension.swift in Sources */,
				0B86395D2A950E65005ED10D /* UserDefault.swift in Sources */,
			);
			runOnlyForDeploymentPostprocessing = 0;
		};
		0BEADE7F2AB325580065381A /* Sources */ = {
			isa = PBXSourcesBuildPhase;
			buildActionMask = 2147483647;
			files = (
				0BEADE972AB32E040065381A /* Model.swift in Sources */,
				0BEADE862AB325580065381A /* ShareViewController.swift in Sources */,
			);
			runOnlyForDeploymentPostprocessing = 0;
		};
/* End PBXSourcesBuildPhase section */

/* Begin PBXTargetDependency section */
		0BEADE8C2AB325580065381A /* PBXTargetDependency */ = {
			isa = PBXTargetDependency;
			target = 0BEADE822AB325580065381A /* SweetLogShare */;
			targetProxy = 0BEADE8B2AB325580065381A /* PBXContainerItemProxy */;
		};
/* End PBXTargetDependency section */

/* Begin PBXVariantGroup section */
		0BEADE872AB325580065381A /* MainInterface.storyboard */ = {
			isa = PBXVariantGroup;
			children = (
				0BEADE882AB325580065381A /* Base */,
			);
			name = MainInterface.storyboard;
			sourceTree = "<group>";
		};
/* End PBXVariantGroup section */

/* Begin XCBuildConfiguration section */
		0B8639522A950E3F005ED10D /* Debug */ = {
			isa = XCBuildConfiguration;
			buildSettings = {
				ALWAYS_SEARCH_USER_PATHS = NO;
				ASSETCATALOG_COMPILER_GENERATE_SWIFT_ASSET_SYMBOL_EXTENSIONS = YES;
				CLANG_ANALYZER_NONNULL = YES;
				CLANG_ANALYZER_NUMBER_OBJECT_CONVERSION = YES_AGGRESSIVE;
				CLANG_CXX_LANGUAGE_STANDARD = "gnu++20";
				CLANG_ENABLE_MODULES = YES;
				CLANG_ENABLE_OBJC_ARC = YES;
				CLANG_ENABLE_OBJC_WEAK = YES;
				CLANG_WARN_BLOCK_CAPTURE_AUTORELEASING = YES;
				CLANG_WARN_BOOL_CONVERSION = YES;
				CLANG_WARN_COMMA = YES;
				CLANG_WARN_CONSTANT_CONVERSION = YES;
				CLANG_WARN_DEPRECATED_OBJC_IMPLEMENTATIONS = YES;
				CLANG_WARN_DIRECT_OBJC_ISA_USAGE = YES_ERROR;
				CLANG_WARN_DOCUMENTATION_COMMENTS = YES;
				CLANG_WARN_EMPTY_BODY = YES;
				CLANG_WARN_ENUM_CONVERSION = YES;
				CLANG_WARN_INFINITE_RECURSION = YES;
				CLANG_WARN_INT_CONVERSION = YES;
				CLANG_WARN_NON_LITERAL_NULL_CONVERSION = YES;
				CLANG_WARN_OBJC_IMPLICIT_RETAIN_SELF = YES;
				CLANG_WARN_OBJC_LITERAL_CONVERSION = YES;
				CLANG_WARN_OBJC_ROOT_CLASS = YES_ERROR;
				CLANG_WARN_QUOTED_INCLUDE_IN_FRAMEWORK_HEADER = YES;
				CLANG_WARN_RANGE_LOOP_ANALYSIS = YES;
				CLANG_WARN_STRICT_PROTOTYPES = YES;
				CLANG_WARN_SUSPICIOUS_MOVE = YES;
				CLANG_WARN_UNGUARDED_AVAILABILITY = YES_AGGRESSIVE;
				CLANG_WARN_UNREACHABLE_CODE = YES;
				CLANG_WARN__DUPLICATE_METHOD_MATCH = YES;
				COPY_PHASE_STRIP = NO;
				DEBUG_INFORMATION_FORMAT = dwarf;
				ENABLE_STRICT_OBJC_MSGSEND = YES;
				ENABLE_TESTABILITY = YES;
				ENABLE_USER_SCRIPT_SANDBOXING = YES;
				GCC_C_LANGUAGE_STANDARD = gnu17;
				GCC_DYNAMIC_NO_PIC = NO;
				GCC_NO_COMMON_BLOCKS = YES;
				GCC_OPTIMIZATION_LEVEL = 0;
				GCC_PREPROCESSOR_DEFINITIONS = (
					"DEBUG=1",
					"$(inherited)",
				);
				GCC_WARN_64_TO_32_BIT_CONVERSION = YES;
				GCC_WARN_ABOUT_RETURN_TYPE = YES_ERROR;
				GCC_WARN_UNDECLARED_SELECTOR = YES;
				GCC_WARN_UNINITIALIZED_AUTOS = YES_AGGRESSIVE;
				GCC_WARN_UNUSED_FUNCTION = YES;
				GCC_WARN_UNUSED_VARIABLE = YES;
				IPHONEOS_DEPLOYMENT_TARGET = 17.0;
				LOCALIZATION_PREFERS_STRING_CATALOGS = YES;
				MTL_ENABLE_DEBUG_INFO = INCLUDE_SOURCE;
				MTL_FAST_MATH = YES;
				ONLY_ACTIVE_ARCH = YES;
				SDKROOT = iphoneos;
				SWIFT_ACTIVE_COMPILATION_CONDITIONS = "DEBUG $(inherited)";
				SWIFT_OPTIMIZATION_LEVEL = "-Onone";
			};
			name = Debug;
		};
		0B8639532A950E3F005ED10D /* Release */ = {
			isa = XCBuildConfiguration;
			buildSettings = {
				ALWAYS_SEARCH_USER_PATHS = NO;
				ASSETCATALOG_COMPILER_GENERATE_SWIFT_ASSET_SYMBOL_EXTENSIONS = YES;
				CLANG_ANALYZER_NONNULL = YES;
				CLANG_ANALYZER_NUMBER_OBJECT_CONVERSION = YES_AGGRESSIVE;
				CLANG_CXX_LANGUAGE_STANDARD = "gnu++20";
				CLANG_ENABLE_MODULES = YES;
				CLANG_ENABLE_OBJC_ARC = YES;
				CLANG_ENABLE_OBJC_WEAK = YES;
				CLANG_WARN_BLOCK_CAPTURE_AUTORELEASING = YES;
				CLANG_WARN_BOOL_CONVERSION = YES;
				CLANG_WARN_COMMA = YES;
				CLANG_WARN_CONSTANT_CONVERSION = YES;
				CLANG_WARN_DEPRECATED_OBJC_IMPLEMENTATIONS = YES;
				CLANG_WARN_DIRECT_OBJC_ISA_USAGE = YES_ERROR;
				CLANG_WARN_DOCUMENTATION_COMMENTS = YES;
				CLANG_WARN_EMPTY_BODY = YES;
				CLANG_WARN_ENUM_CONVERSION = YES;
				CLANG_WARN_INFINITE_RECURSION = YES;
				CLANG_WARN_INT_CONVERSION = YES;
				CLANG_WARN_NON_LITERAL_NULL_CONVERSION = YES;
				CLANG_WARN_OBJC_IMPLICIT_RETAIN_SELF = YES;
				CLANG_WARN_OBJC_LITERAL_CONVERSION = YES;
				CLANG_WARN_OBJC_ROOT_CLASS = YES_ERROR;
				CLANG_WARN_QUOTED_INCLUDE_IN_FRAMEWORK_HEADER = YES;
				CLANG_WARN_RANGE_LOOP_ANALYSIS = YES;
				CLANG_WARN_STRICT_PROTOTYPES = YES;
				CLANG_WARN_SUSPICIOUS_MOVE = YES;
				CLANG_WARN_UNGUARDED_AVAILABILITY = YES_AGGRESSIVE;
				CLANG_WARN_UNREACHABLE_CODE = YES;
				CLANG_WARN__DUPLICATE_METHOD_MATCH = YES;
				COPY_PHASE_STRIP = NO;
				DEBUG_INFORMATION_FORMAT = "dwarf-with-dsym";
				ENABLE_NS_ASSERTIONS = NO;
				ENABLE_STRICT_OBJC_MSGSEND = YES;
				ENABLE_USER_SCRIPT_SANDBOXING = YES;
				GCC_C_LANGUAGE_STANDARD = gnu17;
				GCC_NO_COMMON_BLOCKS = YES;
				GCC_WARN_64_TO_32_BIT_CONVERSION = YES;
				GCC_WARN_ABOUT_RETURN_TYPE = YES_ERROR;
				GCC_WARN_UNDECLARED_SELECTOR = YES;
				GCC_WARN_UNINITIALIZED_AUTOS = YES_AGGRESSIVE;
				GCC_WARN_UNUSED_FUNCTION = YES;
				GCC_WARN_UNUSED_VARIABLE = YES;
				IPHONEOS_DEPLOYMENT_TARGET = 17.0;
				LOCALIZATION_PREFERS_STRING_CATALOGS = YES;
				MTL_ENABLE_DEBUG_INFO = NO;
				MTL_FAST_MATH = YES;
				SDKROOT = iphoneos;
				SWIFT_COMPILATION_MODE = wholemodule;
				VALIDATE_PRODUCT = YES;
			};
			name = Release;
		};
		0B8639552A950E3F005ED10D /* Debug */ = {
			isa = XCBuildConfiguration;
			buildSettings = {
				ALWAYS_EMBED_SWIFT_STANDARD_LIBRARIES = YES;
				ASSETCATALOG_COMPILER_APPICON_NAME = AppIcon;
				ASSETCATALOG_COMPILER_GLOBAL_ACCENT_COLOR_NAME = AccentColor;
				CODE_SIGN_ENTITLEMENTS = SweetLog/SweetLog.entitlements;
				CODE_SIGN_STYLE = Automatic;
				CURRENT_PROJECT_VERSION = 1;
				DEVELOPMENT_ASSET_PATHS = "\"SweetLog/Preview Content\"";
				DEVELOPMENT_TEAM = Y7F2ZW9QG3;
				ENABLE_PREVIEWS = YES;
				GENERATE_INFOPLIST_FILE = YES;
				INFOPLIST_FILE = SweetLog/Info.plist;
				INFOPLIST_KEY_CFBundleDisplayName = "Sweet Log";
				INFOPLIST_KEY_NSFaceIDUsageDescription = "사용자가 생체인식으로 잠금을 원할때 사용합니다.";
				INFOPLIST_KEY_UIApplicationSceneManifest_Generation = YES;
				INFOPLIST_KEY_UIApplicationSupportsIndirectInputEvents = YES;
				INFOPLIST_KEY_UILaunchScreen_Generation = YES;
				INFOPLIST_KEY_UISupportedInterfaceOrientations_iPad = "UIInterfaceOrientationPortrait UIInterfaceOrientationPortraitUpsideDown UIInterfaceOrientationLandscapeLeft UIInterfaceOrientationLandscapeRight";
				INFOPLIST_KEY_UISupportedInterfaceOrientations_iPhone = "UIInterfaceOrientationPortrait UIInterfaceOrientationLandscapeLeft UIInterfaceOrientationLandscapeRight";
				INFOPLIST_KEY_UIUserInterfaceStyle = Light;
				LD_RUNPATH_SEARCH_PATHS = (
					"$(inherited)",
					"@executable_path/Frameworks",
				);
				MARKETING_VERSION = 1.0;
				PRODUCT_BUNDLE_IDENTIFIER = InhoYoo.SweetLog;
				PRODUCT_NAME = "$(TARGET_NAME)";
				SUPPORTED_PLATFORMS = "iphoneos iphonesimulator";
				SUPPORTS_MACCATALYST = NO;
				SUPPORTS_MAC_DESIGNED_FOR_IPHONE_IPAD = NO;
				SWIFT_EMIT_LOC_STRINGS = YES;
				SWIFT_VERSION = 5.0;
				TARGETED_DEVICE_FAMILY = 1;
			};
			name = Debug;
		};
		0B8639562A950E3F005ED10D /* Release */ = {
			isa = XCBuildConfiguration;
			buildSettings = {
				ALWAYS_EMBED_SWIFT_STANDARD_LIBRARIES = YES;
				ASSETCATALOG_COMPILER_APPICON_NAME = AppIcon;
				ASSETCATALOG_COMPILER_GLOBAL_ACCENT_COLOR_NAME = AccentColor;
				CODE_SIGN_ENTITLEMENTS = SweetLog/SweetLog.entitlements;
				CODE_SIGN_STYLE = Automatic;
				CURRENT_PROJECT_VERSION = 1;
				DEVELOPMENT_ASSET_PATHS = "\"SweetLog/Preview Content\"";
				DEVELOPMENT_TEAM = Y7F2ZW9QG3;
				ENABLE_PREVIEWS = YES;
				GENERATE_INFOPLIST_FILE = YES;
				INFOPLIST_FILE = SweetLog/Info.plist;
				INFOPLIST_KEY_CFBundleDisplayName = "Sweet Log";
				INFOPLIST_KEY_NSFaceIDUsageDescription = "사용자가 생체인식으로 잠금을 원할때 사용합니다.";
				INFOPLIST_KEY_UIApplicationSceneManifest_Generation = YES;
				INFOPLIST_KEY_UIApplicationSupportsIndirectInputEvents = YES;
				INFOPLIST_KEY_UILaunchScreen_Generation = YES;
				INFOPLIST_KEY_UISupportedInterfaceOrientations_iPad = "UIInterfaceOrientationPortrait UIInterfaceOrientationPortraitUpsideDown UIInterfaceOrientationLandscapeLeft UIInterfaceOrientationLandscapeRight";
				INFOPLIST_KEY_UISupportedInterfaceOrientations_iPhone = "UIInterfaceOrientationPortrait UIInterfaceOrientationLandscapeLeft UIInterfaceOrientationLandscapeRight";
				INFOPLIST_KEY_UIUserInterfaceStyle = Light;
				LD_RUNPATH_SEARCH_PATHS = (
					"$(inherited)",
					"@executable_path/Frameworks",
				);
				MARKETING_VERSION = 1.0;
				PRODUCT_BUNDLE_IDENTIFIER = InhoYoo.SweetLog;
				PRODUCT_NAME = "$(TARGET_NAME)";
				SUPPORTED_PLATFORMS = "iphoneos iphonesimulator";
				SUPPORTS_MACCATALYST = NO;
				SUPPORTS_MAC_DESIGNED_FOR_IPHONE_IPAD = NO;
				SWIFT_EMIT_LOC_STRINGS = YES;
				SWIFT_VERSION = 5.0;
				TARGETED_DEVICE_FAMILY = 1;
			};
			name = Release;
		};
		0BEADE8F2AB325580065381A /* Debug */ = {
			isa = XCBuildConfiguration;
			buildSettings = {
				CODE_SIGN_ENTITLEMENTS = SweetLogShare/SweetLogShare.entitlements;
				CODE_SIGN_STYLE = Automatic;
				CURRENT_PROJECT_VERSION = 1;
				DEVELOPMENT_TEAM = Y7F2ZW9QG3;
				GENERATE_INFOPLIST_FILE = YES;
				INFOPLIST_FILE = SweetLogShare/Info.plist;
				INFOPLIST_KEY_CFBundleDisplayName = SweetLogShare;
				INFOPLIST_KEY_NSHumanReadableCopyright = "";
				LD_RUNPATH_SEARCH_PATHS = (
					"$(inherited)",
					"@executable_path/Frameworks",
					"@executable_path/../../Frameworks",
				);
				MARKETING_VERSION = 1.0;
				PRODUCT_BUNDLE_IDENTIFIER = InhoYoo.SweetLog.SweetLogShare;
				PRODUCT_NAME = "$(TARGET_NAME)";
				SKIP_INSTALL = YES;
				SWIFT_EMIT_LOC_STRINGS = YES;
				SWIFT_VERSION = 5.0;
				TARGETED_DEVICE_FAMILY = "1,2";
			};
			name = Debug;
		};
		0BEADE902AB325580065381A /* Release */ = {
			isa = XCBuildConfiguration;
			buildSettings = {
				CODE_SIGN_ENTITLEMENTS = SweetLogShare/SweetLogShare.entitlements;
				CODE_SIGN_STYLE = Automatic;
				CURRENT_PROJECT_VERSION = 1;
				DEVELOPMENT_TEAM = Y7F2ZW9QG3;
				GENERATE_INFOPLIST_FILE = YES;
				INFOPLIST_FILE = SweetLogShare/Info.plist;
				INFOPLIST_KEY_CFBundleDisplayName = SweetLogShare;
				INFOPLIST_KEY_NSHumanReadableCopyright = "";
				LD_RUNPATH_SEARCH_PATHS = (
					"$(inherited)",
					"@executable_path/Frameworks",
					"@executable_path/../../Frameworks",
				);
				MARKETING_VERSION = 1.0;
				PRODUCT_BUNDLE_IDENTIFIER = InhoYoo.SweetLog.SweetLogShare;
				PRODUCT_NAME = "$(TARGET_NAME)";
				SKIP_INSTALL = YES;
				SWIFT_EMIT_LOC_STRINGS = YES;
				SWIFT_VERSION = 5.0;
				TARGETED_DEVICE_FAMILY = "1,2";
			};
			name = Release;
		};
/* End XCBuildConfiguration section */

/* Begin XCConfigurationList section */
		0B8639412A950E3D005ED10D /* Build configuration list for PBXProject "SweetLog" */ = {
			isa = XCConfigurationList;
			buildConfigurations = (
				0B8639522A950E3F005ED10D /* Debug */,
				0B8639532A950E3F005ED10D /* Release */,
			);
			defaultConfigurationIsVisible = 0;
			defaultConfigurationName = Release;
		};
		0B8639542A950E3F005ED10D /* Build configuration list for PBXNativeTarget "SweetLog" */ = {
			isa = XCConfigurationList;
			buildConfigurations = (
				0B8639552A950E3F005ED10D /* Debug */,
				0B8639562A950E3F005ED10D /* Release */,
			);
			defaultConfigurationIsVisible = 0;
			defaultConfigurationName = Release;
		};
		0BEADE8E2AB325580065381A /* Build configuration list for PBXNativeTarget "SweetLogShare" */ = {
			isa = XCConfigurationList;
			buildConfigurations = (
				0BEADE8F2AB325580065381A /* Debug */,
				0BEADE902AB325580065381A /* Release */,
			);
			defaultConfigurationIsVisible = 0;
			defaultConfigurationName = Release;
		};
/* End XCConfigurationList section */
	};
	rootObject = 0B86393E2A950E3D005ED10D /* Project object */;
}
